
Microsoft Visual Studio Solution File, Format Version 12.00
# Visual Studio Version 17
VisualStudioVersion = 17.3.32804.467
MinimumVisualStudioVersion = 10.0.40219.1
Project("{FAE04EC0-301F-11D3-BF4B-00C04F79EFBC}") = "LabProject01Furniture", "LabProject01Furniture\LabProject01Furniture.csproj", "{56E48970-BE1B-45CC-81D2-B217D6E8DCC0}"
EndProject
Global
	GlobalSection(SolutionConfigurationPlatforms) = preSolution
		Debug|Any CPU = Debug|Any CPU
		Release|Any CPU = Release|Any CPU
	EndGlobalSection
	GlobalSection(ProjectConfigurationPlatforms) = postSolution
		{56E48970-BE1B-45CC-81D2-B217D6E8DCC0}.Debug|Any CPU.ActiveCfg = Debug|Any CPU
		{56E48970-BE1B-45CC-81D2-B217D6E8DCC0}.Debug|Any CPU.Build.0 = Debug|Any CPU
		{56E48970-BE1B-45CC-81D2-B217D6E8DCC0}.Release|Any CPU.ActiveCfg = Release|Any CPU
		{56E48970-BE1B-45CC-81D2-B217D6E8DCC0}.Release|Any CPU.Build.0 = Release|Any CPU
	EndGlobalSection
	GlobalSection(SolutionProperties) = preSolution
		HideSolutionNode = FALSE
	EndGlobalSection
	GlobalSection(ExtensibilityGlobals) = postSolution
		SolutionGuid = {DDA32265-F54D-4937-ADBA-AE842D98431E}
	EndGlobalSection
EndGlobal
